{
  "version": 1,
  "dependencies": {
    "net10.0": {
      "Bogus": {
        "type": "Direct",
        "requested": "[35.6.5, )",
        "resolved": "35.6.5",
        "contentHash": "2FGZn+aAVHjmCgClgmGkTDBVZk0zkLvAKGaxEf5JL6b3i9JbHTE4wnuY4vHCuzlCmJdU6VZjgDfHwmYkQF8VAA=="
      },
      "Microsoft.NET.Test.Sdk": {
        "type": "Direct",
        "requested": "[18.10.0, )",
        "resolved": "18.10.0",
        "contentHash": "0CZZ688UBvpQFB9HKo7wrNJNVe+AOM4UtipgwpER3TTM+d2DDM6QyKkIJZTR3mpbn9/zFbZEtAgVIz4SPTjQZQ==",
        "dependencies": {
          "Microsoft.CodeCoverage": "18.10.0",
          "Microsoft.TestPlatform.TestHost": "18.10.0"
        }
      },
      "TngTech.ArchUnitNET.xUnit": {
        "type": "Direct",
        "requested": "[0.13.4, )",
        "resolved": "0.13.4",
        "contentHash": "I8BxopDSsnlf2ydgsPYfwLolZaG//8qdWc3JKl3K3vFKfWtP5e3snq/4OHTW1n1+qGA25HMHAmnX6YhnuCtxMg==",
        "dependencies": {
          "TngTech.ArchUnitNET": "0.13.4",
          "xunit.assert": "2.4.1"
        }
      },
      "Verify.Xunit": {
        "type": "Direct",
        "requested": "[31.12.5, )",
        "resolved": "31.12.5",
        "contentHash": "i1d2bPonW/3ZzzEZYTWgv8mjPyRWpKaPsIxxp/kYK7Nq8ZeSEmkLA5BkGwInDlybHkxsviFu+s8iF20y+yUcZw==",
        "dependencies": {
          "Argon": "0.33.5",
          "DiffEngine": "18.4.1",
          "SimpleInfoName": "3.2.0",
          "Verify": "31.12.5",
          "xunit.abstractions": "2.0.3",
          "xunit.extensibility.execution": "2.9.3"
        }
      },
      "xunit": {
        "type": "Direct",
        "requested": "[2.9.3, )",
        "resolved": "2.9.3",
        "contentHash": "TlXQBinK35LpOPKHAqbLY4xlEen9TBafjs0V5KnA4wZsoQLQJiirCR4CbIXvOH8NzkW4YeJKP5P/Bnrodm0h9Q==",
        "dependencies": {
          "xunit.analyzers": "1.18.0",
          "xunit.assert": "2.9.3",
          "xunit.core": "[2.9.3]"
        }
      },
      "xunit.runner.visualstudio": {
        "type": "Direct",
        "requested": "[4.0.0, )",
        "resolved": "4.0.0",
        "contentHash": "kzLFyBYUnoidpGOXvpNOfIo8C92gVgVR6X8ncHwhcrDYugiOut5rrhDkr0L3cWHd7J2pKXf6LgaeXoBBDlx1ag=="
      },
      "Argon": {
        "type": "Transitive",
        "resolved": "0.33.5",
        "contentHash": "J6821zxO+EqMzO9C/V5uiWc2eBGyzN7Z8Z0xq3Q1/e6IxYcHDA32OgiZX5/7/f8rVPQQa7aYtm6f0UfnrgKNBg=="
      },
      "CycleDetection": {
        "type": "Transitive",
        "resolved": "2.0.0",
        "contentHash": "iQb2Nm9WqPseGCxPcdeU5qMbWkxtSr1bmnliC7slitx7GOG8cKO2pKZUQ2Yl+DQQZQ7c8qIXe3k+zYE0f96dIA=="
      },
      "DiffEngine": {
        "type": "Transitive",
        "resolved": "18.4.1",
        "contentHash": "9/E4N4auQW4iOKPxP6MpGihpuw0uaxfiLLJfraKrqv02cG2LzVx3ocFwIss70mQFwAolrq58zv5NHwMaqT3+3A==",
        "dependencies": {
          "EmptyFiles": "8.17.2"
        }
      },
      "EmptyFiles": {
        "type": "Transitive",
        "resolved": "8.17.2",
        "contentHash": "2oyDVmM/DU3g0h2kqcV05zjOUfo9AdwPoduIGh0LZL6nXqSN4qhZna2M/aJoYiQrmIznJ52wxYCmxDnWaRZ1JQ=="
      },
      "JetBrains.Annotations": {
        "type": "Transitive",
        "resolved": "2026.2.0",
        "contentHash": "drvAEaI7Xf4wU6dx4UTB9MoZWXZlraaQ0qoeThPQ411FxNhId7QdUTukIC9I8aUHP0ycAaGwZNKqSvfOZQvUlg=="
      },
      "Microsoft.CodeCoverage": {
        "type": "Transitive",
        "resolved": "18.10.0",
        "contentHash": "zo1hqV+Nz6FlIwdc+aPfrvGzqfKAPPaZ6OPj1W8C0QQE2xH951AZwTUytL3K7XX8brVBUFd7MhrLDl3CtK3U/A=="
      },
      "Microsoft.TestPlatform.ObjectModel": {
        "type": "Transitive",
        "resolved": "18.10.0",
        "contentHash": "aXA7DDbnt6MYu3eLBEDksNdl09QxJ/PpMzrFcSxqEOk3RvRGJzhKI5mezVCEOcvveRhjfw/mvn6xVXC/rTaOog=="
      },
      "Microsoft.TestPlatform.TestHost": {
        "type": "Transitive",
        "resolved": "18.10.0",
        "contentHash": "Spu6C7bgz1PmWN+Y7wS0PfGCw9Kwv5RvJbCwyQaEWjcwpMire+qYMrcZ7qk8agjy6nd0sdHLc3ugCSrGuSbZdw==",
        "dependencies": {
          "Microsoft.TestPlatform.ObjectModel": "18.10.0"
        }
      },
      "Mono.Cecil": {
        "type": "Transitive",
        "resolved": "0.11.6",
        "contentHash": "f33RkDtZO8VlGXCtmQIviOtxgnUdym9xx/b1p9h91CRGOsJFxCFOFK1FDbVt1OCf1aWwYejUFa2MOQyFWTFjbA=="
      },
      "Newtonsoft.Json": {
        "type": "Transitive",
        "resolved": "13.0.4",
        "contentHash": "pdgNNMai3zv51W5aq268sujXUyx7SNdE2bj1wZcWjAQrKMFZV260lbqYop1d2GM67JI1huLRwxo9ZqnfF/lC6A=="
      },
      "SimpleInfoName": {
        "type": "Transitive",
        "resolved": "3.2.0",
        "contentHash": "K8ivHRbPWfncijk62Dan/r/z55gwq3aFzqB6yFlD9X0bbpIaacHyHH2cpcIdz0FECUpERUZTwxts0z4gRWpQpA=="
      },
      "System.ValueTuple": {
        "type": "Transitive",
        "resolved": "4.6.2",
        "contentHash": "yQgmjfFximrNm9LIV3mL6T5MzjeC+epeE5rl4hXxAlYmxby7RM1dPSkIKXk9HNkl6G54h2JHOmLD46+Pey+IRg=="
      },
      "TngTech.ArchUnitNET": {
        "type": "Transitive",
        "resolved": "0.13.4",
        "contentHash": "SBWeZamopaqNOe1BlM57kATJ9vho10gwaLQYmC6BilwGRtHs1qWvuYbwYnncVJeKiB9X/B14h96rlcUTo3C9EQ==",
        "dependencies": {
          "CycleDetection": "2.0.0",
          "JetBrains.Annotations": "2026.2.0",
          "Mono.Cecil": "0.11.6",
          "Newtonsoft.Json": "13.0.4",
          "System.ValueTuple": "4.6.2"
        }
      },
      "Verify": {
        "type": "Transitive",
        "resolved": "31.12.5",
        "contentHash": "Luht+42xCM969Scwl7XQ1teZb/7w9XbQg/4eqVQ2WGTWc7mfheENb8PnaX9yJCNROyb1POjQIrQogO+wtf34mg==",
        "dependencies": {
          "Argon": "0.33.5",
          "DiffEngine": "18.4.1",
          "SimpleInfoName": "3.2.0"
        }
      },
      "xunit.abstractions": {
        "type": "Transitive",
        "resolved": "2.0.3",
        "contentHash": "pot1I4YOxlWjIb5jmwvvQNbTrZ3lJQ+jUGkGjWE3hEFM0l5gOnBWS+H3qsex68s5cO52g+44vpGzhAt+42vwKg=="
      },
      "xunit.analyzers": {
        "type": "Transitive",
        "resolved": "1.18.0",
        "contentHash": "OtFMHN8yqIcYP9wcVIgJrq01AfTxijjAqVDy/WeQVSyrDC1RzBWeQPztL49DN2syXRah8TYnfvk035s7L95EZQ=="
      },
      "xunit.assert": {
        "type": "Transitive",
        "resolved": "2.9.3",
        "contentHash": "/Kq28fCE7MjOV42YLVRAJzRF0WmEqsmflm0cfpMjGtzQ2lR5mYVj1/i0Y8uDAOLczkL3/jArrwehfMD0YogMAA=="
      },
      "xunit.core": {
        "type": "Transitive",
        "resolved": "2.9.3",
        "contentHash": "BiAEvqGvyme19wE0wTKdADH+NloYqikiU0mcnmiNyXaF9HyHmE6sr/3DC5vnBkgsWaE6yPyWszKSPSApWdRVeQ==",
        "dependencies": {
          "xunit.extensibility.core": "[2.9.3]",
          "xunit.extensibility.execution": "[2.9.3]"
        }
      },
      "xunit.extensibility.core": {
        "type": "Transitive",
        "resolved": "2.9.3",
        "contentHash": "kf3si0YTn2a8J8eZNb+zFpwfoyvIrQ7ivNk5ZYA5yuYk1bEtMe4DxJ2CF/qsRgmEnDr7MnW1mxylBaHTZ4qErA==",
        "dependencies": {
          "xunit.abstractions": "2.0.3"
        }
      },
      "xunit.extensibility.execution": {
        "type": "Transitive",
        "resolved": "2.9.3",
        "contentHash": "yMb6vMESlSrE3Wfj7V6cjQ3S4TXdXpRqYeNEI3zsX31uTsGMJjEw6oD5F5u1cHnMptjhEECnmZSsPxB6ChZHDQ==",
        "dependencies": {
          "xunit.extensibility.core": "[2.9.3]"
        }
      },
      "erp.legacy": {
        "type": "Project"
      },
      "orders.application": {
        "type": "Project",
        "dependencies": {
          "Orders.Domain": "[1.0.0, )"
        }
      },
      "orders.domain": {
        "type": "Project"
      },
      "orders.infrastructure": {
        "type": "Project",
        "dependencies": {
          "Orders.Domain": "[1.0.0, )"
        }
      }
    }
  }
}